
Microsoft Visual Studio Solution File, Format Version 12.00
# Visual Studio Version 16
VisualStudioVersion = 16.0.30114.105
MinimumVisualStudioVersion = 10.0.40219.1
Project("{FAE04EC0-301F-11D3-BF4B-00C04F79EFBC}") = "XF_HarmonicInterfaces", "XF_HarmonicInterfaces\XF_HarmonicInterfaces\XF_HarmonicInterfaces.csproj", "{665EB841-D73F-4595-AB3D-E398C9ADCC3E}"
EndProject
Project("{FAE04EC0-301F-11D3-BF4B-00C04F79EFBC}") = "XF_HarmonicInterfaces.Android", "XF_HarmonicInterfaces\XF_HarmonicInterfaces.Android\XF_HarmonicInterfaces.Android.csproj", "{BC9A1B02-FC0A-438F-BECB-3CFBA6E20D31}"
EndProject
Project("{FAE04EC0-301F-11D3-BF4B-00C04F79EFBC}") = "XF_HarmonicInterfaces.iOS", "XF_HarmonicInterfaces\XF_HarmonicInterfaces.iOS\XF_HarmonicInterfaces.iOS.csproj", "{E816B82A-5CBA-4E6F-AE7F-A04BE595DB56}"
EndProject
Project("{FAE04EC0-301F-11D3-BF4B-00C04F79EFBC}") = "XF_HarmonicInterfaces.UWP", "XF_HarmonicInterfaces\XF_HarmonicInterfaces.UWP\XF_HarmonicInterfaces.UWP.csproj", "{DA026D9A-01DF-408E-B8D2-500C117AF8C4}"
EndProject
Global
	GlobalSection(SolutionConfigurationPlatforms) = preSolution
		Debug|Any CPU = Debug|Any CPU
		Debug|ARM = Debug|ARM
		Debug|iPhone = Debug|iPhone
		Debug|iPhoneSimulator = Debug|iPhoneSimulator
		Debug|x64 = Debug|x64
		Debug|x86 = Debug|x86
		Release|Any CPU = Release|Any CPU
		Release|ARM = Release|ARM
		Release|iPhone = Release|iPhone
		Release|iPhoneSimulator = Release|iPhoneSimulator
		Release|x64 = Release|x64
		Release|x86 = Release|x86
	EndGlobalSection
	GlobalSection(ProjectConfigurationPlatforms) = postSolution
		{665EB841-D73F-4595-AB3D-E398C9ADCC3E}.Debug|Any CPU.ActiveCfg = Debug|Any CPU
		{665EB841-D73F-4595-AB3D-E398C9ADCC3E}.Debug|Any CPU.Build.0 = Debug|Any CPU
		{665EB841-D73F-4595-AB3D-E398C9ADCC3E}.Debug|ARM.ActiveCfg = Debug|Any CPU
		{665EB841-D73F-4595-AB3D-E398C9ADCC3E}.Debug|ARM.Build.0 = Debug|Any CPU
		{665EB841-D73F-4595-AB3D-E398C9ADCC3E}.Debug|iPhone.ActiveCfg = Debug|Any CPU
		{665EB841-D73F-4595-AB3D-E398C9ADCC3E}.Debug|iPhone.Build.0 = Debug|Any CPU
		{665EB841-D73F-4595-AB3D-E398C9ADCC3E}.Debug|iPhoneSimulator.ActiveCfg = Debug|Any CPU
		{665EB841-D73F-4595-AB3D-E398C9ADCC3E}.Debug|iPhoneSimulator.Build.0 = Debug|Any CPU
		{665EB841-D73F-4595-AB3D-E398C9ADCC3E}.Debug|x64.ActiveCfg = Debug|Any CPU
		{665EB841-D73F-4595-AB3D-E398C9ADCC3E}.Debug|x64.Build.0 = Debug|Any CPU
		{665EB841-D73F-4595-AB3D-E398C9ADCC3E}.Debug|x86.ActiveCfg = Debug|Any CPU
		{665EB841-D73F-4595-AB3D-E398C9ADCC3E}.Debug|x86.Build.0 = Debug|Any CPU
		{665EB841-D73F-4595-AB3D-E398C9ADCC3E}.Release|Any CPU.ActiveCfg = Release|Any CPU
		{665EB841-D73F-4595-AB3D-E398C9ADCC3E}.Release|Any CPU.Build.0 = Release|Any CPU
		{665EB841-D73F-4595-AB3D-E398C9ADCC3E}.Release|ARM.ActiveCfg = Release|Any CPU
		{665EB841-D73F-4595-AB3D-E398C9ADCC3E}.Release|ARM.Build.0 = Release|Any CPU
		{665EB841-D73F-4595-AB3D-E398C9ADCC3E}.Release|iPhone.ActiveCfg = Release|Any CPU
		{665EB841-D73F-4595-AB3D-E398C9ADCC3E}.Release|iPhone.Build.0 = Release|Any CPU
		{665EB841-D73F-4595-AB3D-E398C9ADCC3E}.Release|iPhoneSimulator.ActiveCfg = Release|Any CPU
		{665EB841-D73F-4595-AB3D-E398C9ADCC3E}.Release|iPhoneSimulator.Build.0 = Release|Any CPU
		{665EB841-D73F-4595-AB3D-E398C9ADCC3E}.Release|x64.ActiveCfg = Release|Any CPU
		{665EB841-D73F-4595-AB3D-E398C9ADCC3E}.Release|x64.Build.0 = Release|Any CPU
		{665EB841-D73F-4595-AB3D-E398C9ADCC3E}.Release|x86.ActiveCfg = Release|Any CPU
		{665EB841-D73F-4595-AB3D-E398C9ADCC3E}.Release|x86.Build.0 = Release|Any CPU
		{BC9A1B02-FC0A-438F-BECB-3CFBA6E20D31}.Debug|Any CPU.ActiveCfg = Debug|Any CPU
		{BC9A1B02-FC0A-438F-BECB-3CFBA6E20D31}.Debug|Any CPU.Build.0 = Debug|Any CPU
		{BC9A1B02-FC0A-438F-BECB-3CFBA6E20D31}.Debug|Any CPU.Deploy.0 = Debug|Any CPU
		{BC9A1B02-FC0A-438F-BECB-3CFBA6E20D31}.Debug|ARM.ActiveCfg = Debug|Any CPU
		{BC9A1B02-FC0A-438F-BECB-3CFBA6E20D31}.Debug|ARM.Build.0 = Debug|Any CPU
		{BC9A1B02-FC0A-438F-BECB-3CFBA6E20D31}.Debug|ARM.Deploy.0 = Debug|Any CPU
		{BC9A1B02-FC0A-438F-BECB-3CFBA6E20D31}.Debug|iPhone.ActiveCfg = Debug|Any CPU
		{BC9A1B02-FC0A-438F-BECB-3CFBA6E20D31}.Debug|iPhone.Build.0 = Debug|Any CPU
		{BC9A1B02-FC0A-438F-BECB-3CFBA6E20D31}.Debug|iPhone.Deploy.0 = Debug|Any CPU
		{BC9A1B02-FC0A-438F-BECB-3CFBA6E20D31}.Debug|iPhoneSimulator.ActiveCfg = Debug|Any CPU
		{BC9A1B02-FC0A-438F-BECB-3CFBA6E20D31}.Debug|iPhoneSimulator.Build.0 = Debug|Any CPU
		{BC9A1B02-FC0A-438F-BECB-3CFBA6E20D31}.Debug|iPhoneSimulator.Deploy.0 = Debug|Any CPU
		{BC9A1B02-FC0A-438F-BECB-3CFBA6E20D31}.Debug|x64.ActiveCfg = Debug|Any CPU
		{BC9A1B02-FC0A-438F-BECB-3CFBA6E20D31}.Debug|x64.Build.0 = Debug|Any CPU
		{BC9A1B02-FC0A-438F-BECB-3CFBA6E20D31}.Debug|x64.Deploy.0 = Debug|Any CPU
		{BC9A1B02-FC0A-438F-BECB-3CFBA6E20D31}.Debug|x86.ActiveCfg = Debug|Any CPU
		{BC9A1B02-FC0A-438F-BECB-3CFBA6E20D31}.Debug|x86.Build.0 = Debug|Any CPU
		{BC9A1B02-FC0A-438F-BECB-3CFBA6E20D31}.Debug|x86.Deploy.0 = Debug|Any CPU
		{BC9A1B02-FC0A-438F-BECB-3CFBA6E20D31}.Release|Any CPU.ActiveCfg = Release|Any CPU
		{BC9A1B02-FC0A-438F-BECB-3CFBA6E20D31}.Release|Any CPU.Build.0 = Release|Any CPU
		{BC9A1B02-FC0A-438F-BECB-3CFBA6E20D31}.Release|Any CPU.Deploy.0 = Release|Any CPU
		{BC9A1B02-FC0A-438F-BECB-3CFBA6E20D31}.Release|ARM.ActiveCfg = Release|Any CPU
		{BC9A1B02-FC0A-438F-BECB-3CFBA6E20D31}.Release|ARM.Build.0 = Release|Any CPU
		{BC9A1B02-FC0A-438F-BECB-3CFBA6E20D31}.Release|ARM.Deploy.0 = Release|Any CPU
		{BC9A1B02-FC0A-438F-BECB-3CFBA6E20D31}.Release|iPhone.ActiveCfg = Release|Any CPU
		{BC9A1B02-FC0A-438F-BECB-3CFBA6E20D31}.Release|iPhone.Build.0 = Release|Any CPU
		{BC9A1B02-FC0A-438F-BECB-3CFBA6E20D31}.Release|iPhone.Deploy.0 = Release|Any CPU
		{BC9A1B02-FC0A-438F-BECB-3CFBA6E20D31}.Release|iPhoneSimulator.ActiveCfg = Release|Any CPU
		{BC9A1B02-FC0A-438F-BECB-3CFBA6E20D31}.Release|iPhoneSimulator.Build.0 = Release|Any CPU
		{BC9A1B02-FC0A-438F-BECB-3CFBA6E20D31}.Release|iPhoneSimulator.Deploy.0 = Release|Any CPU
		{BC9A1B02-FC0A-438F-BECB-3CFBA6E20D31}.Release|x64.ActiveCfg = Release|Any CPU
		{BC9A1B02-FC0A-438F-BECB-3CFBA6E20D31}.Release|x64.Build.0 = Release|Any CPU
		{BC9A1B02-FC0A-438F-BECB-3CFBA6E20D31}.Release|x64.Deploy.0 = Release|Any CPU
		{BC9A1B02-FC0A-438F-BECB-3CFBA6E20D31}.Release|x86.ActiveCfg = Release|Any CPU
		{BC9A1B02-FC0A-438F-BECB-3CFBA6E20D31}.Release|x86.Build.0 = Release|Any CPU
		{BC9A1B02-FC0A-438F-BECB-3CFBA6E20D31}.Release|x86.Deploy.0 = Release|Any CPU
		{E816B82A-5CBA-4E6F-AE7F-A04BE595DB56}.Debug|Any CPU.ActiveCfg = Debug|iPhone
		{E816B82A-5CBA-4E6F-AE7F-A04BE595DB56}.Debug|ARM.ActiveCfg = Debug|iPhone
		{E816B82A-5CBA-4E6F-AE7F-A04BE595DB56}.Debug|iPhone.ActiveCfg = Debug|iPhone
		{E816B82A-5CBA-4E6F-AE7F-A04BE595DB56}.Debug|iPhone.Build.0 = Debug|iPhone
		{E816B82A-5CBA-4E6F-AE7F-A04BE595DB56}.Debug|iPhoneSimulator.ActiveCfg = Debug|iPhoneSimulator
		{E816B82A-5CBA-4E6F-AE7F-A04BE595DB56}.Debug|iPhoneSimulator.Build.0 = Debug|iPhoneSimulator
		{E816B82A-5CBA-4E6F-AE7F-A04BE595DB56}.Debug|x64.ActiveCfg = Debug|iPhone
		{E816B82A-5CBA-4E6F-AE7F-A04BE595DB56}.Debug|x86.ActiveCfg = Debug|iPhone
		{E816B82A-5CBA-4E6F-AE7F-A04BE595DB56}.Release|Any CPU.ActiveCfg = Release|iPhone
		{E816B82A-5CBA-4E6F-AE7F-A04BE595DB56}.Release|ARM.ActiveCfg = Release|iPhone
		{E816B82A-5CBA-4E6F-AE7F-A04BE595DB56}.Release|iPhone.ActiveCfg = Release|iPhone
		{E816B82A-5CBA-4E6F-AE7F-A04BE595DB56}.Release|iPhone.Build.0 = Release|iPhone
		{E816B82A-5CBA-4E6F-AE7F-A04BE595DB56}.Release|iPhoneSimulator.ActiveCfg = Release|iPhoneSimulator
		{E816B82A-5CBA-4E6F-AE7F-A04BE595DB56}.Release|iPhoneSimulator.Build.0 = Release|iPhoneSimulator
		{E816B82A-5CBA-4E6F-AE7F-A04BE595DB56}.Release|x64.ActiveCfg = Release|iPhone
		{E816B82A-5CBA-4E6F-AE7F-A04BE595DB56}.Release|x86.ActiveCfg = Release|iPhone
		{DA026D9A-01DF-408E-B8D2-500C117AF8C4}.Debug|Any CPU.ActiveCfg = Debug|x86
		{DA026D9A-01DF-408E-B8D2-500C117AF8C4}.Debug|ARM.ActiveCfg = Debug|ARM
		{DA026D9A-01DF-408E-B8D2-500C117AF8C4}.Debug|ARM.Build.0 = Debug|ARM
		{DA026D9A-01DF-408E-B8D2-500C117AF8C4}.Debug|ARM.Deploy.0 = Debug|ARM
		{DA026D9A-01DF-408E-B8D2-500C117AF8C4}.Debug|iPhone.ActiveCfg = Debug|x86
		{DA026D9A-01DF-408E-B8D2-500C117AF8C4}.Debug|iPhoneSimulator.ActiveCfg = Debug|x86
		{DA026D9A-01DF-408E-B8D2-500C117AF8C4}.Debug|x64.ActiveCfg = Debug|x64
		{DA026D9A-01DF-408E-B8D2-500C117AF8C4}.Debug|x64.Build.0 = Debug|x64
		{DA026D9A-01DF-408E-B8D2-500C117AF8C4}.Debug|x64.Deploy.0 = Debug|x64
		{DA026D9A-01DF-408E-B8D2-500C117AF8C4}.Debug|x86.ActiveCfg = Debug|x86
		{DA026D9A-01DF-408E-B8D2-500C117AF8C4}.Debug|x86.Build.0 = Debug|x86
		{DA026D9A-01DF-408E-B8D2-500C117AF8C4}.Debug|x86.Deploy.0 = Debug|x86
		{DA026D9A-01DF-408E-B8D2-500C117AF8C4}.Release|Any CPU.ActiveCfg = Release|x86
		{DA026D9A-01DF-408E-B8D2-500C117AF8C4}.Release|ARM.ActiveCfg = Release|ARM
		{DA026D9A-01DF-408E-B8D2-500C117AF8C4}.Release|ARM.Build.0 = Release|ARM
		{DA026D9A-01DF-408E-B8D2-500C117AF8C4}.Release|ARM.Deploy.0 = Release|ARM
		{DA026D9A-01DF-408E-B8D2-500C117AF8C4}.Release|iPhone.ActiveCfg = Release|x86
		{DA026D9A-01DF-408E-B8D2-500C117AF8C4}.Release|iPhoneSimulator.ActiveCfg = Release|x86
		{DA026D9A-01DF-408E-B8D2-500C117AF8C4}.Release|x64.ActiveCfg = Release|x64
		{DA026D9A-01DF-408E-B8D2-500C117AF8C4}.Release|x64.Build.0 = Release|x64
		{DA026D9A-01DF-408E-B8D2-500C117AF8C4}.Release|x64.Deploy.0 = Release|x64
		{DA026D9A-01DF-408E-B8D2-500C117AF8C4}.Release|x86.ActiveCfg = Release|x86
		{DA026D9A-01DF-408E-B8D2-500C117AF8C4}.Release|x86.Build.0 = Release|x86
		{DA026D9A-01DF-408E-B8D2-500C117AF8C4}.Release|x86.Deploy.0 = Release|x86
	EndGlobalSection
	GlobalSection(SolutionProperties) = preSolution
		HideSolutionNode = FALSE
	EndGlobalSection
	GlobalSection(ExtensibilityGlobals) = postSolution
		SolutionGuid = {387E7B78-5825-4D85-829F-6E9BC1A811EA}
	EndGlobalSection
EndGlobal
